
Microsoft Visual Studio Solution File, Format Version 12.00
# Visual Studio Version 16
VisualStudioVersion = 16.0.31019.35
MinimumVisualStudioVersion = 10.0.40219.1
Project("{9A19103F-16F7-4668-BE54-9A1E7A4F7556}") = "TataCore", "TataCore\TataCore.csproj", "{FA82FABC-86D2-4674-9664-1796305893C5}"
EndProject
Project("{9A19103F-16F7-4668-BE54-9A1E7A4F7556}") = "TataInfraestructure", "TataInfraestructure\TataInfraestructure.csproj", "{A6DDFC9B-61B3-41FE-A3DD-0823011DDC19}"
EndProject
Project("{FAE04EC0-301F-11D3-BF4B-00C04F79EFBC}") = "WebClient", "WebClient\WebClient.csproj", "{E8B11E5E-CF1D-4B6E-B89E-A78B80AD9471}"
EndProject
Global
	GlobalSection(SolutionConfigurationPlatforms) = preSolution
		Debug|Any CPU = Debug|Any CPU
		Release|Any CPU = Release|Any CPU
	EndGlobalSection
	GlobalSection(ProjectConfigurationPlatforms) = postSolution
		{FA82FABC-86D2-4674-9664-1796305893C5}.Debug|Any CPU.ActiveCfg = Debug|Any CPU
		{FA82FABC-86D2-4674-9664-1796305893C5}.Debug|Any CPU.Build.0 = Debug|Any CPU
		{FA82FABC-86D2-4674-9664-1796305893C5}.Release|Any CPU.ActiveCfg = Release|Any CPU
		{FA82FABC-86D2-4674-9664-1796305893C5}.Release|Any CPU.Build.0 = Release|Any CPU
		{A6DDFC9B-61B3-41FE-A3DD-0823011DDC19}.Debug|Any CPU.ActiveCfg = Debug|Any CPU
		{A6DDFC9B-61B3-41FE-A3DD-0823011DDC19}.Debug|Any CPU.Build.0 = Debug|Any CPU
		{A6DDFC9B-61B3-41FE-A3DD-0823011DDC19}.Release|Any CPU.ActiveCfg = Release|Any CPU
		{A6DDFC9B-61B3-41FE-A3DD-0823011DDC19}.Release|Any CPU.Build.0 = Release|Any CPU
		{E8B11E5E-CF1D-4B6E-B89E-A78B80AD9471}.Debug|Any CPU.ActiveCfg = Debug|Any CPU
		{E8B11E5E-CF1D-4B6E-B89E-A78B80AD9471}.Debug|Any CPU.Build.0 = Debug|Any CPU
		{E8B11E5E-CF1D-4B6E-B89E-A78B80AD9471}.Release|Any CPU.ActiveCfg = Release|Any CPU
		{E8B11E5E-CF1D-4B6E-B89E-A78B80AD9471}.Release|Any CPU.Build.0 = Release|Any CPU
	EndGlobalSection
	GlobalSection(SolutionProperties) = preSolution
		HideSolutionNode = FALSE
	EndGlobalSection
	GlobalSection(ExtensibilityGlobals) = postSolution
		SolutionGuid = {0FC95101-2D0F-4147-B67E-45AC465CB973}
	EndGlobalSection
EndGlobal
